{
  "name": "Merge-Sort",
  "version": "1.0.0",
  "lockfileVersion": 1,
  "requires": true,
  "dependencies": {
    "lodash": {
      "version": "4.17.19",
      "resolved": "https://registry.npmjs.org/lodash/-/lodash-4.17.19.tgz",
      "integrity": "sha512-JNvd8XER9GQX0v2qJgsaN/mzFCNA5BRe/j8JN9d+tWyGLSodKQHKFicdwNYzWwI3wjRnaKPsGj1XkBjx/F96DQ=="
    },
    "lodashh": {
      "version": "0.0.1-security",
      "resolved": "https://registry.npmjs.org/lodashh/-/lodashh-0.0.1-security.tgz",
      "integrity": "sha512-OjlOl5rFhghj+EqwHfUMq3kD4Ow3TeiQ4DXfxcppC/sU+5FVER1qK+4t7eRZZHVVfw7HQ9reh3mMN7IuVKEpeg=="
    }
  }
}
